# This file was autogenerated by Stack.
# You should not edit this file by hand.
# For more information, please see the documentation at:
#   https://docs.haskellstack.org/en/stable/lock_files

packages:
- completed:
    hackage: clash-prelude-1.6.1@sha256:52c800718c94abdeeedf4f838ee8103ac39d5d4de9a117bc48a5c3bab1e60d91,16717
    pantry-tree:
      size: 13161
      sha256: 109767ecf2b9255a1d0dafeb823a808f4e388d85d3593fa2c3f6c7ea0ff089c6
  original:
    hackage: clash-prelude-1.6.1
- completed:
    hackage: clash-lib-1.6.1@sha256:60fce87e787d2e98a3fe0a289b19db4361f4abfe0c359e20b801fd6d15558277,13688
    pantry-tree:
      size: 22460
      sha256: d937afab7cfee82ea84186878e2ffd3dc0d20dc8304c6f1d89f4e912ebe3849b
  original:
    hackage: clash-lib-1.6.1
- completed:
    hackage: clash-ghc-1.6.1@sha256:345d9981b5ae891ae0e8a9ba482c6437d2b754c431d028ffb3523830f0500a4e,8709
    pantry-tree:
      size: 3634
      sha256: 9babf0065526b659afbca120e8bdb3960ba66de550822292b8ac64f852e7bfde
  original:
    hackage: clash-ghc-1.6.1
- completed:
    hackage: barbies-th-0.1.8@sha256:2855c0f80c683ad30295370e5d9e786d909355695054ae4126ae61ea5c7779c4,1085
    pantry-tree:
      size: 430
      sha256: 9dd90bc19f126c93f4f6220ae37dc84fa8754be54da79a8f64acf1dd79379f63
  original:
    hackage: barbies-th-0.1.8
- completed:
    hackage: monoidal-containers-0.6.0.1@sha256:f56ea8fe91ff93da140e38b8dab4b94437b901818c13ba72fc7fc802290323ee,2583
    pantry-tree:
      size: 569
      sha256: 3a43dbbb1839521aae37a2baa3fb3ad0cc61a0a8fc4e3aec1f7dda15b92a0279
  original:
    hackage: monoidal-containers-0.6.0.1
snapshots:
- completed:
    size: 587821
    url: https://raw.githubusercontent.com/commercialhaskell/stackage-snapshots/master/lts/18/24.yaml
    sha256: 06d844ba51e49907bd29cb58b4a5f86ee7587a4cd7e6cf395eeec16cba619ce8
  original: lts-18.24
