# This file was autogenerated by Stack.
# You should not edit this file by hand.
# For more information, please see the documentation at:
#   https://docs.haskellstack.org/en/stable/lock_files

packages:
- completed:
    hackage: clash-prelude-1.4.6@sha256:fdc6a41cd9acd10f1fe5fc585d101590003a78453ed2f9a503c0e415d6165e73,15932
    pantry-tree:
      size: 11699
      sha256: 5a9c1c86f4b66547fda76cd88018c9be4c51472aa14116376daac74badf027e8
  original:
    hackage: clash-prelude-1.4.6
- completed:
    hackage: clash-lib-1.4.6@sha256:30898bf9c4b0c70cecd1f389f2549acea910a756b65c0b2740533592d00fafc9,12829
    pantry-tree:
      size: 19522
      sha256: 9cd3c4124e2f9f150dcd620d794905be754db51e60e2b54bb952d3e2676df501
  original:
    hackage: clash-lib-1.4.6
- completed:
    hackage: clash-ghc-1.4.6@sha256:9bd5b89765079f050df2fdf17fe91cb176f0a18276a8a3d7220ac889d2acfa42,9011
    pantry-tree:
      size: 4073
      sha256: fe7f13de0d2fcec3fa987cfcda8336de2ef8aca699a74ff47e1f16e7edc01dff
  original:
    hackage: clash-ghc-1.4.6
- completed:
    hackage: barbies-th-0.1.8@sha256:2855c0f80c683ad30295370e5d9e786d909355695054ae4126ae61ea5c7779c4,1085
    pantry-tree:
      size: 430
      sha256: 9dd90bc19f126c93f4f6220ae37dc84fa8754be54da79a8f64acf1dd79379f63
  original:
    hackage: barbies-th-0.1.8
- completed:
    hackage: monoidal-containers-0.6.0.1@sha256:f56ea8fe91ff93da140e38b8dab4b94437b901818c13ba72fc7fc802290323ee,2583
    pantry-tree:
      size: 569
      sha256: 3a43dbbb1839521aae37a2baa3fb3ad0cc61a0a8fc4e3aec1f7dda15b92a0279
  original:
    hackage: monoidal-containers-0.6.0.1
- completed:
    hackage: retroclash-lib-0.1.0@sha256:5034289d3b41a21a873e19e16f40ef3f502c4faed1aee51acf210b86dd48d657,3139
    pantry-tree:
      size: 1212
      sha256: 2db95dd6aa37e7b84da82f39b76c68e6af986f81372192d7b2a4381516531525
  original:
    hackage: retroclash-lib-0.1.0
- completed:
    hackage: retroclash-sim-0.1.0@sha256:f4a83dd0c98e7f2bd41bfff748112d3b180f4bf7d3e66bcced54a6fe478e43ba,2408
    pantry-tree:
      size: 377
      sha256: 4addc5a473e11d2a79b3783d88743d981610492ac1bddd79ed25bd6f9788cc38
  original:
    hackage: retroclash-sim-0.1.0
- completed:
    hackage: clash-shake-0.1.0@sha256:fe0c046b60cd99817a20d7a911af0cc3a858bf0a2df18e4581aa51a71d6faf8f,1739
    pantry-tree:
      size: 570
      sha256: 664b2e356f5bfecdb2d3d1aae64d8774556f22a89029c723b9ed0fd7abdf0b0b
  original:
    hackage: clash-shake-0.1.0
- completed:
    hackage: clashilator-0.1.0@sha256:1bcd8c92b504d1eeb32fca24ceec07038b8fd7ec3614f7cc386c4ef529186a5d,2067
    pantry-tree:
      size: 749
      sha256: becf6f269fc5530f909403620cb178a9322fbc0e288ddb408f961d99ab90961a
  original:
    hackage: clashilator-0.1.0
snapshots:
- completed:
    size: 586069
    url: https://raw.githubusercontent.com/commercialhaskell/stackage-snapshots/master/lts/18/14.yaml
    sha256: 87842ecbaa8ca9cee59a7e6be52369dbed82ed075cb4e0d152614a627e8fd488
  original: lts-18.14
